
Microsoft Visual Studio Solution File, Format Version 12.00
# Visual Studio Version 17
VisualStudioVersion = 17.2.32516.85
MinimumVisualStudioVersion = 10.0.40219.1
Project("{FAE04EC0-301F-11D3-BF4B-00C04F79EFBC}") = "Assessment.Task1", "Assessment.Task1\Assessment.Task1.csproj", "{ECF5A485-BE31-43C5-9229-2CB1B800B5D4}"
EndProject
Project("{FAE04EC0-301F-11D3-BF4B-00C04F79EFBC}") = "Assessment.Task1.Models", "Assessment.Task1.Models\Assessment.Task1.Models.csproj", "{7E33B178-F2CE-4E7E-8186-7C6DD2EB357A}"
EndProject
Project("{FAE04EC0-301F-11D3-BF4B-00C04F79EFBC}") = "Assessment.Task1.Bc", "Assessment.Task1.Bc\Assessment.Task1.Bc.csproj", "{13BA32FF-9EBA-4711-91FF-7E23624BA2AF}"
EndProject
Project("{FAE04EC0-301F-11D3-BF4B-00C04F79EFBC}") = "Assessment.Task1.Dao", "Assessment.Task1.Dao\Assessment.Task1.Dao.csproj", "{3D7A02BF-1B43-4542-A717-70A21451714C}"
EndProject
Project("{FAE04EC0-301F-11D3-BF4B-00C04F79EFBC}") = "Assessment.Task1.Service", "Assessment.Task1.Service\Assessment.Task1.Service.csproj", "{AEAE14F6-D5B8-43F1-A9C8-101B72150653}"
EndProject
Global
	GlobalSection(SolutionConfigurationPlatforms) = preSolution
		Debug|Any CPU = Debug|Any CPU
		Release|Any CPU = Release|Any CPU
	EndGlobalSection
	GlobalSection(ProjectConfigurationPlatforms) = postSolution
		{ECF5A485-BE31-43C5-9229-2CB1B800B5D4}.Debug|Any CPU.ActiveCfg = Debug|Any CPU
		{ECF5A485-BE31-43C5-9229-2CB1B800B5D4}.Debug|Any CPU.Build.0 = Debug|Any CPU
		{ECF5A485-BE31-43C5-9229-2CB1B800B5D4}.Release|Any CPU.ActiveCfg = Release|Any CPU
		{ECF5A485-BE31-43C5-9229-2CB1B800B5D4}.Release|Any CPU.Build.0 = Release|Any CPU
		{7E33B178-F2CE-4E7E-8186-7C6DD2EB357A}.Debug|Any CPU.ActiveCfg = Debug|Any CPU
		{7E33B178-F2CE-4E7E-8186-7C6DD2EB357A}.Debug|Any CPU.Build.0 = Debug|Any CPU
		{7E33B178-F2CE-4E7E-8186-7C6DD2EB357A}.Release|Any CPU.ActiveCfg = Release|Any CPU
		{7E33B178-F2CE-4E7E-8186-7C6DD2EB357A}.Release|Any CPU.Build.0 = Release|Any CPU
		{13BA32FF-9EBA-4711-91FF-7E23624BA2AF}.Debug|Any CPU.ActiveCfg = Debug|Any CPU
		{13BA32FF-9EBA-4711-91FF-7E23624BA2AF}.Debug|Any CPU.Build.0 = Debug|Any CPU
		{13BA32FF-9EBA-4711-91FF-7E23624BA2AF}.Release|Any CPU.ActiveCfg = Release|Any CPU
		{13BA32FF-9EBA-4711-91FF-7E23624BA2AF}.Release|Any CPU.Build.0 = Release|Any CPU
		{3D7A02BF-1B43-4542-A717-70A21451714C}.Debug|Any CPU.ActiveCfg = Debug|Any CPU
		{3D7A02BF-1B43-4542-A717-70A21451714C}.Debug|Any CPU.Build.0 = Debug|Any CPU
		{3D7A02BF-1B43-4542-A717-70A21451714C}.Release|Any CPU.ActiveCfg = Release|Any CPU
		{3D7A02BF-1B43-4542-A717-70A21451714C}.Release|Any CPU.Build.0 = Release|Any CPU
		{AEAE14F6-D5B8-43F1-A9C8-101B72150653}.Debug|Any CPU.ActiveCfg = Debug|Any CPU
		{AEAE14F6-D5B8-43F1-A9C8-101B72150653}.Debug|Any CPU.Build.0 = Debug|Any CPU
		{AEAE14F6-D5B8-43F1-A9C8-101B72150653}.Release|Any CPU.ActiveCfg = Release|Any CPU
		{AEAE14F6-D5B8-43F1-A9C8-101B72150653}.Release|Any CPU.Build.0 = Release|Any CPU
	EndGlobalSection
	GlobalSection(SolutionProperties) = preSolution
		HideSolutionNode = FALSE
	EndGlobalSection
	GlobalSection(ExtensibilityGlobals) = postSolution
		SolutionGuid = {26C4ABED-CAAF-4A8D-9B19-AFB4FEE7E891}
	EndGlobalSection
EndGlobal
